// !$*UTF8*$!
{
	archiveVersion = 1;
	classes = {
	};
	objectVersion = 54;
	objects = {

/* Begin PBXBuildFile section */
		00E356F31AD99517003FC87E /* VOVMediaTests.m in Sources */ = {isa = PBXBuildFile; fileRef = 00E356F21AD99517003FC87E /* VOVMediaTests.m */; };
		030700A9633540499D17BE00 /* Poppins-Bold.otf in Resources */ = {isa = PBXBuildFile; fileRef = 436D9854247742C38CCC44B8 /* Poppins-Bold.otf */; };
		0C80B921A6F3F58F76C31292 /* libPods-VOVMedia.a in Frameworks */ = {isa = PBXBuildFile; fileRef = 5DCACB8F33CDC322A6C60F78 /* libPods-VOVMedia.a */; };
		13B07FBC1A68108700A75B9A /* AppDelegate.mm in Sources */ = {isa = PBXBuildFile; fileRef = 13B07FB01A68108700A75B9A /* AppDelegate.mm */; };
		13B07FBF1A68108700A75B9A /* Images.xcassets in Resources */ = {isa = PBXBuildFile; fileRef = 13B07FB51A68108700A75B9A /* Images.xcassets */; };
		13B07FC11A68108700A75B9A /* main.m in Sources */ = {isa = PBXBuildFile; fileRef = 13B07FB71A68108700A75B9A /* main.m */; };
		16CA99392276480B980BB1CA /* Poppins-Medium.otf in Resources */ = {isa = PBXBuildFile; fileRef = 74BD8E3E9EDA45989520D67A /* Poppins-Medium.otf */; };
		1B2FFBFE470E40689E4BBE8C /* Poppins-BoldItalic.otf in Resources */ = {isa = PBXBuildFile; fileRef = D261452BC34F45D2A393AFFD /* Poppins-BoldItalic.otf */; };
		2A66D4E7F18D42A29CB0BEC2 /* Poppins-LightItalic.otf in Resources */ = {isa = PBXBuildFile; fileRef = A3D86CE91EA14258A541A258 /* Poppins-LightItalic.otf */; };
		556F786EC8564570965D8AF7 /* Poppins-BlackItalic.otf in Resources */ = {isa = PBXBuildFile; fileRef = 576A24949C5845A98E0005F9 /* Poppins-BlackItalic.otf */; };
		5EF9651ECF2B4AC189FBB345 /* Poppins-Regular.otf in Resources */ = {isa = PBXBuildFile; fileRef = 55E3FA4A61654CF5B56D1BFB /* Poppins-Regular.otf */; };
		71E7E4B9A47C498BA4D12842 /* Poppins-Italic.otf in Resources */ = {isa = PBXBuildFile; fileRef = CDE4C2430A7F4B29B08E6909 /* Poppins-Italic.otf */; };
		7699B88040F8A987B510C191 /* libPods-VOVMedia-VOVMediaTests.a in Frameworks */ = {isa = PBXBuildFile; fileRef = 19F6CBCC0A4E27FBF8BF4A61 /* libPods-VOVMedia-VOVMediaTests.a */; };
		8119F01044FD44B9873FECB6 /* Poppins-SemiBold.otf in Resources */ = {isa = PBXBuildFile; fileRef = FFBDDF06665E44E394A0B9AF /* Poppins-SemiBold.otf */; };
		81AB9BB82411601600AC10FF /* LaunchScreen.storyboard in Resources */ = {isa = PBXBuildFile; fileRef = 81AB9BB72411601600AC10FF /* LaunchScreen.storyboard */; };
		82F8425ED3D7453CB8175099 /* AvertaStd-Regular.otf in Resources */ = {isa = PBXBuildFile; fileRef = 02C7C326D14B433CB1160AAB /* AvertaStd-Regular.otf */; };
		8C29AA4F594D406DA78CCFF3 /* Poppins-ExtraLight.otf in Resources */ = {isa = PBXBuildFile; fileRef = 277F5962E9914FA59F58C870 /* Poppins-ExtraLight.otf */; };
		96D5EA3CBFA84F6F928741B2 /* Poppins-ExtraLightItalic.otf in Resources */ = {isa = PBXBuildFile; fileRef = 1241121459CF4D83A6219F6C /* Poppins-ExtraLightItalic.otf */; };
		9D114A1B88FB4ED685314C87 /* AvertaStd-Semibold.otf in Resources */ = {isa = PBXBuildFile; fileRef = 99B7622F88D0447C9F8DB2CB /* AvertaStd-Semibold.otf */; };
		B5EE616F8F3D4EDCBBF5243E /* Poppins-ExtraBoldItalic.otf in Resources */ = {isa = PBXBuildFile; fileRef = 2DD1FAE83FEA4DDFA64D760A /* Poppins-ExtraBoldItalic.otf */; };
		BAE0CAA8AA5E4AAA8969FE30 /* Poppins-Light.otf in Resources */ = {isa = PBXBuildFile; fileRef = C257897B1D4844399F7EB268 /* Poppins-Light.otf */; };
		D50E87B668AB493DB09EA94A /* Poppins-Black.otf in Resources */ = {isa = PBXBuildFile; fileRef = BB4D6D6583B4417C9CAAA881 /* Poppins-Black.otf */; };
		D591ACEA12E343129C5B75C8 /* Poppins-SemiBoldItalic.otf in Resources */ = {isa = PBXBuildFile; fileRef = 58E7845BFA054966A83083BF /* Poppins-SemiBoldItalic.otf */; };
		D95BA6461331470ABBBDBB40 /* Poppins-Thin.otf in Resources */ = {isa = PBXBuildFile; fileRef = A190101405414469952972D8 /* Poppins-Thin.otf */; };
		E64960387CCA4E2686639AFF /* Poppins-ThinItalic.otf in Resources */ = {isa = PBXBuildFile; fileRef = B1E287FC2B544FED8DB9CC1E /* Poppins-ThinItalic.otf */; };
		EBF1CB7C5F5F4B1C9C5CF504 /* Poppins-ExtraBold.otf in Resources */ = {isa = PBXBuildFile; fileRef = E0E58898A6F84466BD0EE85D /* Poppins-ExtraBold.otf */; };
		F3282F252D894ED390807E06 /* Poppins-MediumItalic.otf in Resources */ = {isa = PBXBuildFile; fileRef = D12CAF599ACD43498E9FEAF2 /* Poppins-MediumItalic.otf */; };
		E2E3107CA18947F1B3EFB761 /* AvertaStd-ThinItalic.otf in Resources */ = {isa = PBXBuildFile; fileRef = 6D4CED5B39D6443BB90AED7F /* AvertaStd-ThinItalic.otf */; };
		04B03F8DC2FF4EFF8B006DA5 /* AvertaStd-Black.otf in Resources */ = {isa = PBXBuildFile; fileRef = 7643A159C45849EC9370DC66 /* AvertaStd-Black.otf */; };
		86B858C1265D489A8AA3650F /* AvertaStd-BlackItalic.otf in Resources */ = {isa = PBXBuildFile; fileRef = 47A434E61D1B426D8B2D6F10 /* AvertaStd-BlackItalic.otf */; };
		0A4F55716AC14EBDA678ECE6 /* AvertaStd-Bold.otf in Resources */ = {isa = PBXBuildFile; fileRef = 065460E5666E42859D5901E9 /* AvertaStd-Bold.otf */; };
		290480FEB6B64BF9BF675315 /* AvertaStd-BoldItalic.otf in Resources */ = {isa = PBXBuildFile; fileRef = 5022E134CDB0406E852F5EA9 /* AvertaStd-BoldItalic.otf */; };
		DC8278B43355491BBD1F5889 /* AvertaStd-ExtraBold.otf in Resources */ = {isa = PBXBuildFile; fileRef = 514F6F9A36864A309D85A45C /* AvertaStd-ExtraBold.otf */; };
		35DB5C0087134E18AF2C6F6A /* AvertaStd-ExtraBoldItalic.otf in Resources */ = {isa = PBXBuildFile; fileRef = A062BD72C9E54F198F64E6A2 /* AvertaStd-ExtraBoldItalic.otf */; };
		F98C157B97174EEB98608040 /* AvertaStd-Extrathin.otf in Resources */ = {isa = PBXBuildFile; fileRef = A345997D4B8648AEA4E3D6BB /* AvertaStd-Extrathin.otf */; };
		413930B5F83E4FE98A939B31 /* AvertaStd-ExtrathinItalic.otf in Resources */ = {isa = PBXBuildFile; fileRef = 3B7E91E87F814FB38E7FFBE9 /* AvertaStd-ExtrathinItalic.otf */; };
		1A1A633C0E1047C78D146088 /* AvertaStd-Light.otf in Resources */ = {isa = PBXBuildFile; fileRef = 85AE973CC44746E0906EDCE4 /* AvertaStd-Light.otf */; };
		CFE689BA53FA448AA61CD8B7 /* AvertaStd-LightItalic.otf in Resources */ = {isa = PBXBuildFile; fileRef = E4EB46917D4E4251A21A369B /* AvertaStd-LightItalic.otf */; };
		06A92415CFA34F7BAACF1EBC /* AvertaStd-RegularItalic.otf in Resources */ = {isa = PBXBuildFile; fileRef = 006B4D741BC440C0AF946FB3 /* AvertaStd-RegularItalic.otf */; };
		7D3C54F2612D444EA4933D32 /* AvertaStd-SemiboldItalic.otf in Resources */ = {isa = PBXBuildFile; fileRef = 461E6C853E1947AFAE507A03 /* AvertaStd-SemiboldItalic.otf */; };
		ADA0AE57BF13493E9A1327BB /* AvertaStd-Thin.otf in Resources */ = {isa = PBXBuildFile; fileRef = 6FA4717E4C344FF2A1EC441B /* AvertaStd-Thin.otf */; };
/* End PBXBuildFile section */

/* Begin PBXContainerItemProxy section */
		00E356F41AD99517003FC87E /* PBXContainerItemProxy */ = {
			isa = PBXContainerItemProxy;
			containerPortal = 83CBB9F71A601CBA00E9B192 /* Project object */;
			proxyType = 1;
			remoteGlobalIDString = 13B07F861A680F5B00A75B9A;
			remoteInfo = VOVMedia;
		};
/* End PBXContainerItemProxy section */

/* Begin PBXFileReference section */
		00E356EE1AD99517003FC87E /* VOVMediaTests.xctest */ = {isa = PBXFileReference; explicitFileType = wrapper.cfbundle; includeInIndex = 0; path = VOVMediaTests.xctest; sourceTree = BUILT_PRODUCTS_DIR; };
		00E356F11AD99517003FC87E /* Info.plist */ = {isa = PBXFileReference; lastKnownFileType = text.plist.xml; path = Info.plist; sourceTree = "<group>"; };
		00E356F21AD99517003FC87E /* VOVMediaTests.m */ = {isa = PBXFileReference; lastKnownFileType = sourcecode.c.objc; path = VOVMediaTests.m; sourceTree = "<group>"; };
		02C7C326D14B433CB1160AAB /* AvertaStd-Regular.otf */ = {isa = PBXFileReference; explicitFileType = undefined; fileEncoding = 9; includeInIndex = 0; lastKnownFileType = unknown; name = "AvertaStd-Regular.otf"; path = "../src/assets/fonts/AvertaStd-Regular.otf"; sourceTree = "<group>"; };
		1241121459CF4D83A6219F6C /* Poppins-ExtraLightItalic.otf */ = {isa = PBXFileReference; explicitFileType = undefined; fileEncoding = 9; includeInIndex = 0; lastKnownFileType = unknown; name = "Poppins-ExtraLightItalic.otf"; path = "../src/assets/fonts/Poppins-ExtraLightItalic.otf"; sourceTree = "<group>"; };
		13B07F961A680F5B00A75B9A /* VOVMedia.app */ = {isa = PBXFileReference; explicitFileType = wrapper.application; includeInIndex = 0; path = VOVMedia.app; sourceTree = BUILT_PRODUCTS_DIR; };
		13B07FAF1A68108700A75B9A /* AppDelegate.h */ = {isa = PBXFileReference; fileEncoding = 4; lastKnownFileType = sourcecode.c.h; name = AppDelegate.h; path = VOVMedia/AppDelegate.h; sourceTree = "<group>"; };
		13B07FB01A68108700A75B9A /* AppDelegate.mm */ = {isa = PBXFileReference; fileEncoding = 4; lastKnownFileType = sourcecode.cpp.objcpp; name = AppDelegate.mm; path = VOVMedia/AppDelegate.mm; sourceTree = "<group>"; };
		13B07FB51A68108700A75B9A /* Images.xcassets */ = {isa = PBXFileReference; lastKnownFileType = folder.assetcatalog; name = Images.xcassets; path = VOVMedia/Images.xcassets; sourceTree = "<group>"; };
		13B07FB61A68108700A75B9A /* Info.plist */ = {isa = PBXFileReference; fileEncoding = 4; lastKnownFileType = text.plist.xml; name = Info.plist; path = VOVMedia/Info.plist; sourceTree = "<group>"; };
		13B07FB71A68108700A75B9A /* main.m */ = {isa = PBXFileReference; fileEncoding = 4; lastKnownFileType = sourcecode.c.objc; name = main.m; path = VOVMedia/main.m; sourceTree = "<group>"; };
		19F6CBCC0A4E27FBF8BF4A61 /* libPods-VOVMedia-VOVMediaTests.a */ = {isa = PBXFileReference; explicitFileType = archive.ar; includeInIndex = 0; path = "libPods-VOVMedia-VOVMediaTests.a"; sourceTree = BUILT_PRODUCTS_DIR; };
		277F5962E9914FA59F58C870 /* Poppins-ExtraLight.otf */ = {isa = PBXFileReference; explicitFileType = undefined; fileEncoding = 9; includeInIndex = 0; lastKnownFileType = unknown; name = "Poppins-ExtraLight.otf"; path = "../src/assets/fonts/Poppins-ExtraLight.otf"; sourceTree = "<group>"; };
		2DD1FAE83FEA4DDFA64D760A /* Poppins-ExtraBoldItalic.otf */ = {isa = PBXFileReference; explicitFileType = undefined; fileEncoding = 9; includeInIndex = 0; lastKnownFileType = unknown; name = "Poppins-ExtraBoldItalic.otf"; path = "../src/assets/fonts/Poppins-ExtraBoldItalic.otf"; sourceTree = "<group>"; };
		3B4392A12AC88292D35C810B /* Pods-VOVMedia.debug.xcconfig */ = {isa = PBXFileReference; includeInIndex = 1; lastKnownFileType = text.xcconfig; name = "Pods-VOVMedia.debug.xcconfig"; path = "Target Support Files/Pods-VOVMedia/Pods-VOVMedia.debug.xcconfig"; sourceTree = "<group>"; };
		436D9854247742C38CCC44B8 /* Poppins-Bold.otf */ = {isa = PBXFileReference; explicitFileType = undefined; fileEncoding = 9; includeInIndex = 0; lastKnownFileType = unknown; name = "Poppins-Bold.otf"; path = "../src/assets/fonts/Poppins-Bold.otf"; sourceTree = "<group>"; };
		55E3FA4A61654CF5B56D1BFB /* Poppins-Regular.otf */ = {isa = PBXFileReference; explicitFileType = undefined; fileEncoding = 9; includeInIndex = 0; lastKnownFileType = unknown; name = "Poppins-Regular.otf"; path = "../src/assets/fonts/Poppins-Regular.otf"; sourceTree = "<group>"; };
		5709B34CF0A7D63546082F79 /* Pods-VOVMedia.release.xcconfig */ = {isa = PBXFileReference; includeInIndex = 1; lastKnownFileType = text.xcconfig; name = "Pods-VOVMedia.release.xcconfig"; path = "Target Support Files/Pods-VOVMedia/Pods-VOVMedia.release.xcconfig"; sourceTree = "<group>"; };
		576A24949C5845A98E0005F9 /* Poppins-BlackItalic.otf */ = {isa = PBXFileReference; explicitFileType = undefined; fileEncoding = 9; includeInIndex = 0; lastKnownFileType = unknown; name = "Poppins-BlackItalic.otf"; path = "../src/assets/fonts/Poppins-BlackItalic.otf"; sourceTree = "<group>"; };
		58E7845BFA054966A83083BF /* Poppins-SemiBoldItalic.otf */ = {isa = PBXFileReference; explicitFileType = undefined; fileEncoding = 9; includeInIndex = 0; lastKnownFileType = unknown; name = "Poppins-SemiBoldItalic.otf"; path = "../src/assets/fonts/Poppins-SemiBoldItalic.otf"; sourceTree = "<group>"; };
		5B7EB9410499542E8C5724F5 /* Pods-VOVMedia-VOVMediaTests.debug.xcconfig */ = {isa = PBXFileReference; includeInIndex = 1; lastKnownFileType = text.xcconfig; name = "Pods-VOVMedia-VOVMediaTests.debug.xcconfig"; path = "Target Support Files/Pods-VOVMedia-VOVMediaTests/Pods-VOVMedia-VOVMediaTests.debug.xcconfig"; sourceTree = "<group>"; };
		5DCACB8F33CDC322A6C60F78 /* libPods-VOVMedia.a */ = {isa = PBXFileReference; explicitFileType = archive.ar; includeInIndex = 0; path = "libPods-VOVMedia.a"; sourceTree = BUILT_PRODUCTS_DIR; };
		74BD8E3E9EDA45989520D67A /* Poppins-Medium.otf */ = {isa = PBXFileReference; explicitFileType = undefined; fileEncoding = 9; includeInIndex = 0; lastKnownFileType = unknown; name = "Poppins-Medium.otf"; path = "../src/assets/fonts/Poppins-Medium.otf"; sourceTree = "<group>"; };
		81AB9BB72411601600AC10FF /* LaunchScreen.storyboard */ = {isa = PBXFileReference; fileEncoding = 4; lastKnownFileType = file.storyboard; name = LaunchScreen.storyboard; path = VOVMedia/LaunchScreen.storyboard; sourceTree = "<group>"; };
		89C6BE57DB24E9ADA2F236DE /* Pods-VOVMedia-VOVMediaTests.release.xcconfig */ = {isa = PBXFileReference; includeInIndex = 1; lastKnownFileType = text.xcconfig; name = "Pods-VOVMedia-VOVMediaTests.release.xcconfig"; path = "Target Support Files/Pods-VOVMedia-VOVMediaTests/Pods-VOVMedia-VOVMediaTests.release.xcconfig"; sourceTree = "<group>"; };
		99B7622F88D0447C9F8DB2CB /* AvertaStd-Semibold.otf */ = {isa = PBXFileReference; explicitFileType = undefined; fileEncoding = 9; includeInIndex = 0; lastKnownFileType = unknown; name = "AvertaStd-Semibold.otf"; path = "../src/assets/fonts/AvertaStd-Semibold.otf"; sourceTree = "<group>"; };
		A190101405414469952972D8 /* Poppins-Thin.otf */ = {isa = PBXFileReference; explicitFileType = undefined; fileEncoding = 9; includeInIndex = 0; lastKnownFileType = unknown; name = "Poppins-Thin.otf"; path = "../src/assets/fonts/Poppins-Thin.otf"; sourceTree = "<group>"; };
		A3D86CE91EA14258A541A258 /* Poppins-LightItalic.otf */ = {isa = PBXFileReference; explicitFileType = undefined; fileEncoding = 9; includeInIndex = 0; lastKnownFileType = unknown; name = "Poppins-LightItalic.otf"; path = "../src/assets/fonts/Poppins-LightItalic.otf"; sourceTree = "<group>"; };
		B1E287FC2B544FED8DB9CC1E /* Poppins-ThinItalic.otf */ = {isa = PBXFileReference; explicitFileType = undefined; fileEncoding = 9; includeInIndex = 0; lastKnownFileType = unknown; name = "Poppins-ThinItalic.otf"; path = "../src/assets/fonts/Poppins-ThinItalic.otf"; sourceTree = "<group>"; };
		B854F1F128CCC22800C6AD25 /* Ionicons.ttf */ = {isa = PBXFileReference; lastKnownFileType = file; name = Ionicons.ttf; path = "../node_modules/react-native-vector-icons/Fonts/Ionicons.ttf"; sourceTree = "<group>"; };
		B8C2DC8428CCCFD400DA952C /* FontAwesome.ttf */ = {isa = PBXFileReference; lastKnownFileType = file; name = FontAwesome.ttf; path = "../node_modules/react-native-vector-icons/Fonts/FontAwesome.ttf"; sourceTree = "<group>"; };
		B8C2DC8528CCD01F00DA952C /* FontAwesome5_Solid.ttf */ = {isa = PBXFileReference; lastKnownFileType = file; name = FontAwesome5_Solid.ttf; path = "../node_modules/react-native-vector-icons/Fonts/FontAwesome5_Solid.ttf"; sourceTree = "<group>"; };
		B8C2DC8628CCD01F00DA952C /* FontAwesome5_Brands.ttf */ = {isa = PBXFileReference; lastKnownFileType = file; name = FontAwesome5_Brands.ttf; path = "../node_modules/react-native-vector-icons/Fonts/FontAwesome5_Brands.ttf"; sourceTree = "<group>"; };
		B8C2DC8728CCD01F00DA952C /* FontAwesome5_Regular.ttf */ = {isa = PBXFileReference; lastKnownFileType = file; name = FontAwesome5_Regular.ttf; path = "../node_modules/react-native-vector-icons/Fonts/FontAwesome5_Regular.ttf"; sourceTree = "<group>"; };
		BB4D6D6583B4417C9CAAA881 /* Poppins-Black.otf */ = {isa = PBXFileReference; explicitFileType = undefined; fileEncoding = 9; includeInIndex = 0; lastKnownFileType = unknown; name = "Poppins-Black.otf"; path = "../src/assets/fonts/Poppins-Black.otf"; sourceTree = "<group>"; };
		C257897B1D4844399F7EB268 /* Poppins-Light.otf */ = {isa = PBXFileReference; explicitFileType = undefined; fileEncoding = 9; includeInIndex = 0; lastKnownFileType = unknown; name = "Poppins-Light.otf"; path = "../src/assets/fonts/Poppins-Light.otf"; sourceTree = "<group>"; };
		CDE4C2430A7F4B29B08E6909 /* Poppins-Italic.otf */ = {isa = PBXFileReference; explicitFileType = undefined; fileEncoding = 9; includeInIndex = 0; lastKnownFileType = unknown; name = "Poppins-Italic.otf"; path = "../src/assets/fonts/Poppins-Italic.otf"; sourceTree = "<group>"; };
		D12CAF599ACD43498E9FEAF2 /* Poppins-MediumItalic.otf */ = {isa = PBXFileReference; explicitFileType = undefined; fileEncoding = 9; includeInIndex = 0; lastKnownFileType = unknown; name = "Poppins-MediumItalic.otf"; path = "../src/assets/fonts/Poppins-MediumItalic.otf"; sourceTree = "<group>"; };
		D261452BC34F45D2A393AFFD /* Poppins-BoldItalic.otf */ = {isa = PBXFileReference; explicitFileType = undefined; fileEncoding = 9; includeInIndex = 0; lastKnownFileType = unknown; name = "Poppins-BoldItalic.otf"; path = "../src/assets/fonts/Poppins-BoldItalic.otf"; sourceTree = "<group>"; };
		E0E58898A6F84466BD0EE85D /* Poppins-ExtraBold.otf */ = {isa = PBXFileReference; explicitFileType = undefined; fileEncoding = 9; includeInIndex = 0; lastKnownFileType = unknown; name = "Poppins-ExtraBold.otf"; path = "../src/assets/fonts/Poppins-ExtraBold.otf"; sourceTree = "<group>"; };
		ED297162215061F000B7C4FE /* JavaScriptCore.framework */ = {isa = PBXFileReference; lastKnownFileType = wrapper.framework; name = JavaScriptCore.framework; path = System/Library/Frameworks/JavaScriptCore.framework; sourceTree = SDKROOT; };
		FFBDDF06665E44E394A0B9AF /* Poppins-SemiBold.otf */ = {isa = PBXFileReference; explicitFileType = undefined; fileEncoding = 9; includeInIndex = 0; lastKnownFileType = unknown; name = "Poppins-SemiBold.otf"; path = "../src/assets/fonts/Poppins-SemiBold.otf"; sourceTree = "<group>"; };
		6D4CED5B39D6443BB90AED7F /* AvertaStd-ThinItalic.otf */ = {isa = PBXFileReference; name = "AvertaStd-ThinItalic.otf"; path = "../src/assets/fonts/AvertaStd-ThinItalic.otf"; sourceTree = "<group>"; fileEncoding = undefined; lastKnownFileType = unknown; explicitFileType = undefined; includeInIndex = 0; };
		7643A159C45849EC9370DC66 /* AvertaStd-Black.otf */ = {isa = PBXFileReference; name = "AvertaStd-Black.otf"; path = "../src/assets/fonts/AvertaStd-Black.otf"; sourceTree = "<group>"; fileEncoding = undefined; lastKnownFileType = unknown; explicitFileType = undefined; includeInIndex = 0; };
		47A434E61D1B426D8B2D6F10 /* AvertaStd-BlackItalic.otf */ = {isa = PBXFileReference; name = "AvertaStd-BlackItalic.otf"; path = "../src/assets/fonts/AvertaStd-BlackItalic.otf"; sourceTree = "<group>"; fileEncoding = undefined; lastKnownFileType = unknown; explicitFileType = undefined; includeInIndex = 0; };
		065460E5666E42859D5901E9 /* AvertaStd-Bold.otf */ = {isa = PBXFileReference; name = "AvertaStd-Bold.otf"; path = "../src/assets/fonts/AvertaStd-Bold.otf"; sourceTree = "<group>"; fileEncoding = undefined; lastKnownFileType = unknown; explicitFileType = undefined; includeInIndex = 0; };
		5022E134CDB0406E852F5EA9 /* AvertaStd-BoldItalic.otf */ = {isa = PBXFileReference; name = "AvertaStd-BoldItalic.otf"; path = "../src/assets/fonts/AvertaStd-BoldItalic.otf"; sourceTree = "<group>"; fileEncoding = undefined; lastKnownFileType = unknown; explicitFileType = undefined; includeInIndex = 0; };
		514F6F9A36864A309D85A45C /* AvertaStd-ExtraBold.otf */ = {isa = PBXFileReference; name = "AvertaStd-ExtraBold.otf"; path = "../src/assets/fonts/AvertaStd-ExtraBold.otf"; sourceTree = "<group>"; fileEncoding = undefined; lastKnownFileType = unknown; explicitFileType = undefined; includeInIndex = 0; };
		A062BD72C9E54F198F64E6A2 /* AvertaStd-ExtraBoldItalic.otf */ = {isa = PBXFileReference; name = "AvertaStd-ExtraBoldItalic.otf"; path = "../src/assets/fonts/AvertaStd-ExtraBoldItalic.otf"; sourceTree = "<group>"; fileEncoding = undefined; lastKnownFileType = unknown; explicitFileType = undefined; includeInIndex = 0; };
		A345997D4B8648AEA4E3D6BB /* AvertaStd-Extrathin.otf */ = {isa = PBXFileReference; name = "AvertaStd-Extrathin.otf"; path = "../src/assets/fonts/AvertaStd-Extrathin.otf"; sourceTree = "<group>"; fileEncoding = undefined; lastKnownFileType = unknown; explicitFileType = undefined; includeInIndex = 0; };
		3B7E91E87F814FB38E7FFBE9 /* AvertaStd-ExtrathinItalic.otf */ = {isa = PBXFileReference; name = "AvertaStd-ExtrathinItalic.otf"; path = "../src/assets/fonts/AvertaStd-ExtrathinItalic.otf"; sourceTree = "<group>"; fileEncoding = undefined; lastKnownFileType = unknown; explicitFileType = undefined; includeInIndex = 0; };
		85AE973CC44746E0906EDCE4 /* AvertaStd-Light.otf */ = {isa = PBXFileReference; name = "AvertaStd-Light.otf"; path = "../src/assets/fonts/AvertaStd-Light.otf"; sourceTree = "<group>"; fileEncoding = undefined; lastKnownFileType = unknown; explicitFileType = undefined; includeInIndex = 0; };
		E4EB46917D4E4251A21A369B /* AvertaStd-LightItalic.otf */ = {isa = PBXFileReference; name = "AvertaStd-LightItalic.otf"; path = "../src/assets/fonts/AvertaStd-LightItalic.otf"; sourceTree = "<group>"; fileEncoding = undefined; lastKnownFileType = unknown; explicitFileType = undefined; includeInIndex = 0; };
		006B4D741BC440C0AF946FB3 /* AvertaStd-RegularItalic.otf */ = {isa = PBXFileReference; name = "AvertaStd-RegularItalic.otf"; path = "../src/assets/fonts/AvertaStd-RegularItalic.otf"; sourceTree = "<group>"; fileEncoding = undefined; lastKnownFileType = unknown; explicitFileType = undefined; includeInIndex = 0; };
		461E6C853E1947AFAE507A03 /* AvertaStd-SemiboldItalic.otf */ = {isa = PBXFileReference; name = "AvertaStd-SemiboldItalic.otf"; path = "../src/assets/fonts/AvertaStd-SemiboldItalic.otf"; sourceTree = "<group>"; fileEncoding = undefined; lastKnownFileType = unknown; explicitFileType = undefined; includeInIndex = 0; };
		6FA4717E4C344FF2A1EC441B /* AvertaStd-Thin.otf */ = {isa = PBXFileReference; name = "AvertaStd-Thin.otf"; path = "../src/assets/fonts/AvertaStd-Thin.otf"; sourceTree = "<group>"; fileEncoding = undefined; lastKnownFileType = unknown; explicitFileType = undefined; includeInIndex = 0; };
/* End PBXFileReference section */

/* Begin PBXFrameworksBuildPhase section */
		00E356EB1AD99517003FC87E /* Frameworks */ = {
			isa = PBXFrameworksBuildPhase;
			buildActionMask = 2147483647;
			files = (
				7699B88040F8A987B510C191 /* libPods-VOVMedia-VOVMediaTests.a in Frameworks */,
			);
			runOnlyForDeploymentPostprocessing = 0;
		};
		13B07F8C1A680F5B00A75B9A /* Frameworks */ = {
			isa = PBXFrameworksBuildPhase;
			buildActionMask = 2147483647;
			files = (
				0C80B921A6F3F58F76C31292 /* libPods-VOVMedia.a in Frameworks */,
			);
			runOnlyForDeploymentPostprocessing = 0;
		};
/* End PBXFrameworksBuildPhase section */

/* Begin PBXGroup section */
		00E356EF1AD99517003FC87E /* VOVMediaTests */ = {
			isa = PBXGroup;
			children = (
				00E356F21AD99517003FC87E /* VOVMediaTests.m */,
				00E356F01AD99517003FC87E /* Supporting Files */,
			);
			path = VOVMediaTests;
			sourceTree = "<group>";
		};
		00E356F01AD99517003FC87E /* Supporting Files */ = {
			isa = PBXGroup;
			children = (
				00E356F11AD99517003FC87E /* Info.plist */,
			);
			name = "Supporting Files";
			sourceTree = "<group>";
		};
		13B07FAE1A68108700A75B9A /* VOVMedia */ = {
			isa = PBXGroup;
			children = (
				B854F1ED28CCC13500C6AD25 /* Fonts */,
				13B07FAF1A68108700A75B9A /* AppDelegate.h */,
				13B07FB01A68108700A75B9A /* AppDelegate.mm */,
				13B07FB51A68108700A75B9A /* Images.xcassets */,
				13B07FB61A68108700A75B9A /* Info.plist */,
				81AB9BB72411601600AC10FF /* LaunchScreen.storyboard */,
				13B07FB71A68108700A75B9A /* main.m */,
			);
			name = VOVMedia;
			sourceTree = "<group>";
		};
		2D16E6871FA4F8E400B85C8A /* Frameworks */ = {
			isa = PBXGroup;
			children = (
				ED297162215061F000B7C4FE /* JavaScriptCore.framework */,
				5DCACB8F33CDC322A6C60F78 /* libPods-VOVMedia.a */,
				19F6CBCC0A4E27FBF8BF4A61 /* libPods-VOVMedia-VOVMediaTests.a */,
			);
			name = Frameworks;
			sourceTree = "<group>";
		};
		832341AE1AAA6A7D00B99B32 /* Libraries */ = {
			isa = PBXGroup;
			children = (
			);
			name = Libraries;
			sourceTree = "<group>";
		};
		83CBB9F61A601CBA00E9B192 = {
			isa = PBXGroup;
			children = (
				13B07FAE1A68108700A75B9A /* VOVMedia */,
				832341AE1AAA6A7D00B99B32 /* Libraries */,
				00E356EF1AD99517003FC87E /* VOVMediaTests */,
				83CBBA001A601CBA00E9B192 /* Products */,
				2D16E6871FA4F8E400B85C8A /* Frameworks */,
				BBD78D7AC51CEA395F1C20DB /* Pods */,
				EB6A7CB94D7D414F9975CC61 /* Resources */,
			);
			indentWidth = 2;
			sourceTree = "<group>";
			tabWidth = 2;
			usesTabs = 0;
		};
		83CBBA001A601CBA00E9B192 /* Products */ = {
			isa = PBXGroup;
			children = (
				13B07F961A680F5B00A75B9A /* VOVMedia.app */,
				00E356EE1AD99517003FC87E /* VOVMediaTests.xctest */,
			);
			name = Products;
			sourceTree = "<group>";
		};
		B854F1ED28CCC13500C6AD25 /* Fonts */ = {
			isa = PBXGroup;
			children = (
				B8C2DC8428CCCFD400DA952C /* FontAwesome.ttf */,
				B8C2DC8628CCD01F00DA952C /* FontAwesome5_Brands.ttf */,
				B8C2DC8728CCD01F00DA952C /* FontAwesome5_Regular.ttf */,
				B8C2DC8528CCD01F00DA952C /* FontAwesome5_Solid.ttf */,
				B854F1F128CCC22800C6AD25 /* Ionicons.ttf */,
			);
			name = Fonts;
			sourceTree = "<group>";
		};
		BBD78D7AC51CEA395F1C20DB /* Pods */ = {
			isa = PBXGroup;
			children = (
				3B4392A12AC88292D35C810B /* Pods-VOVMedia.debug.xcconfig */,
				5709B34CF0A7D63546082F79 /* Pods-VOVMedia.release.xcconfig */,
				5B7EB9410499542E8C5724F5 /* Pods-VOVMedia-VOVMediaTests.debug.xcconfig */,
				89C6BE57DB24E9ADA2F236DE /* Pods-VOVMedia-VOVMediaTests.release.xcconfig */,
			);
			path = Pods;
			sourceTree = "<group>";
		};
		EB6A7CB94D7D414F9975CC61 /* Resources */ = {
			isa = PBXGroup;
			children = (
				BB4D6D6583B4417C9CAAA881 /* Poppins-Black.otf */,
				576A24949C5845A98E0005F9 /* Poppins-BlackItalic.otf */,
				436D9854247742C38CCC44B8 /* Poppins-Bold.otf */,
				D261452BC34F45D2A393AFFD /* Poppins-BoldItalic.otf */,
				E0E58898A6F84466BD0EE85D /* Poppins-ExtraBold.otf */,
				2DD1FAE83FEA4DDFA64D760A /* Poppins-ExtraBoldItalic.otf */,
				277F5962E9914FA59F58C870 /* Poppins-ExtraLight.otf */,
				1241121459CF4D83A6219F6C /* Poppins-ExtraLightItalic.otf */,
				CDE4C2430A7F4B29B08E6909 /* Poppins-Italic.otf */,
				C257897B1D4844399F7EB268 /* Poppins-Light.otf */,
				A3D86CE91EA14258A541A258 /* Poppins-LightItalic.otf */,
				74BD8E3E9EDA45989520D67A /* Poppins-Medium.otf */,
				D12CAF599ACD43498E9FEAF2 /* Poppins-MediumItalic.otf */,
				55E3FA4A61654CF5B56D1BFB /* Poppins-Regular.otf */,
				FFBDDF06665E44E394A0B9AF /* Poppins-SemiBold.otf */,
				58E7845BFA054966A83083BF /* Poppins-SemiBoldItalic.otf */,
				A190101405414469952972D8 /* Poppins-Thin.otf */,
				B1E287FC2B544FED8DB9CC1E /* Poppins-ThinItalic.otf */,
				02C7C326D14B433CB1160AAB /* AvertaStd-Regular.otf */,
				99B7622F88D0447C9F8DB2CB /* AvertaStd-Semibold.otf */,
				6D4CED5B39D6443BB90AED7F /* AvertaStd-ThinItalic.otf */,
				7643A159C45849EC9370DC66 /* AvertaStd-Black.otf */,
				47A434E61D1B426D8B2D6F10 /* AvertaStd-BlackItalic.otf */,
				065460E5666E42859D5901E9 /* AvertaStd-Bold.otf */,
				5022E134CDB0406E852F5EA9 /* AvertaStd-BoldItalic.otf */,
				514F6F9A36864A309D85A45C /* AvertaStd-ExtraBold.otf */,
				A062BD72C9E54F198F64E6A2 /* AvertaStd-ExtraBoldItalic.otf */,
				A345997D4B8648AEA4E3D6BB /* AvertaStd-Extrathin.otf */,
				3B7E91E87F814FB38E7FFBE9 /* AvertaStd-ExtrathinItalic.otf */,
				85AE973CC44746E0906EDCE4 /* AvertaStd-Light.otf */,
				E4EB46917D4E4251A21A369B /* AvertaStd-LightItalic.otf */,
				006B4D741BC440C0AF946FB3 /* AvertaStd-RegularItalic.otf */,
				461E6C853E1947AFAE507A03 /* AvertaStd-SemiboldItalic.otf */,
				6FA4717E4C344FF2A1EC441B /* AvertaStd-Thin.otf */,
			);
			name = Resources;
			sourceTree = "<group>";
		};
/* End PBXGroup section */

/* Begin PBXNativeTarget section */
		00E356ED1AD99517003FC87E /* VOVMediaTests */ = {
			isa = PBXNativeTarget;
			buildConfigurationList = 00E357021AD99517003FC87E /* Build configuration list for PBXNativeTarget "VOVMediaTests" */;
			buildPhases = (
				A55EABD7B0C7F3A422A6CC61 /* [CP] Check Pods Manifest.lock */,
				00E356EA1AD99517003FC87E /* Sources */,
				00E356EB1AD99517003FC87E /* Frameworks */,
				00E356EC1AD99517003FC87E /* Resources */,
				C59DA0FBD6956966B86A3779 /* [CP] Embed Pods Frameworks */,
				F6A41C54EA430FDDC6A6ED99 /* [CP] Copy Pods Resources */,
			);
			buildRules = (
			);
			dependencies = (
				00E356F51AD99517003FC87E /* PBXTargetDependency */,
			);
			name = VOVMediaTests;
			productName = VOVMediaTests;
			productReference = 00E356EE1AD99517003FC87E /* VOVMediaTests.xctest */;
			productType = "com.apple.product-type.bundle.unit-test";
		};
		13B07F861A680F5B00A75B9A /* VOVMedia */ = {
			isa = PBXNativeTarget;
			buildConfigurationList = 13B07F931A680F5B00A75B9A /* Build configuration list for PBXNativeTarget "VOVMedia" */;
			buildPhases = (
				C38B50BA6285516D6DCD4F65 /* [CP] Check Pods Manifest.lock */,
				FD10A7F022414F080027D42C /* Start Packager */,
				13B07F871A680F5B00A75B9A /* Sources */,
				13B07F8C1A680F5B00A75B9A /* Frameworks */,
				13B07F8E1A680F5B00A75B9A /* Resources */,
				00DD1BFF1BD5951E006B06BC /* Bundle React Native code and images */,
				00EEFC60759A1932668264C0 /* [CP] Embed Pods Frameworks */,
				E235C05ADACE081382539298 /* [CP] Copy Pods Resources */,
			);
			buildRules = (
			);
			dependencies = (
			);
			name = VOVMedia;
			productName = VOVMedia;
			productReference = 13B07F961A680F5B00A75B9A /* VOVMedia.app */;
			productType = "com.apple.product-type.application";
		};
/* End PBXNativeTarget section */

/* Begin PBXProject section */
		83CBB9F71A601CBA00E9B192 /* Project object */ = {
			isa = PBXProject;
			attributes = {
				LastUpgradeCheck = 1210;
				TargetAttributes = {
					00E356ED1AD99517003FC87E = {
						CreatedOnToolsVersion = 6.2;
						TestTargetID = 13B07F861A680F5B00A75B9A;
					};
					13B07F861A680F5B00A75B9A = {
						LastSwiftMigration = 1120;
					};
				};
			};
			buildConfigurationList = 83CBB9FA1A601CBA00E9B192 /* Build configuration list for PBXProject "VOVMedia" */;
			compatibilityVersion = "Xcode 12.0";
			developmentRegion = en;
			hasScannedForEncodings = 0;
			knownRegions = (
				en,
				Base,
			);
			mainGroup = 83CBB9F61A601CBA00E9B192;
			productRefGroup = 83CBBA001A601CBA00E9B192 /* Products */;
			projectDirPath = "";
			projectRoot = "";
			targets = (
				13B07F861A680F5B00A75B9A /* VOVMedia */,
				00E356ED1AD99517003FC87E /* VOVMediaTests */,
			);
		};
/* End PBXProject section */

/* Begin PBXResourcesBuildPhase section */
		00E356EC1AD99517003FC87E /* Resources */ = {
			isa = PBXResourcesBuildPhase;
			buildActionMask = 2147483647;
			files = (
			);
			runOnlyForDeploymentPostprocessing = 0;
		};
		13B07F8E1A680F5B00A75B9A /* Resources */ = {
			isa = PBXResourcesBuildPhase;
			buildActionMask = 2147483647;
			files = (
				81AB9BB82411601600AC10FF /* LaunchScreen.storyboard in Resources */,
				13B07FBF1A68108700A75B9A /* Images.xcassets in Resources */,
				D50E87B668AB493DB09EA94A /* Poppins-Black.otf in Resources */,
				556F786EC8564570965D8AF7 /* Poppins-BlackItalic.otf in Resources */,
				030700A9633540499D17BE00 /* Poppins-Bold.otf in Resources */,
				1B2FFBFE470E40689E4BBE8C /* Poppins-BoldItalic.otf in Resources */,
				EBF1CB7C5F5F4B1C9C5CF504 /* Poppins-ExtraBold.otf in Resources */,
				B5EE616F8F3D4EDCBBF5243E /* Poppins-ExtraBoldItalic.otf in Resources */,
				8C29AA4F594D406DA78CCFF3 /* Poppins-ExtraLight.otf in Resources */,
				96D5EA3CBFA84F6F928741B2 /* Poppins-ExtraLightItalic.otf in Resources */,
				71E7E4B9A47C498BA4D12842 /* Poppins-Italic.otf in Resources */,
				BAE0CAA8AA5E4AAA8969FE30 /* Poppins-Light.otf in Resources */,
				2A66D4E7F18D42A29CB0BEC2 /* Poppins-LightItalic.otf in Resources */,
				16CA99392276480B980BB1CA /* Poppins-Medium.otf in Resources */,
				F3282F252D894ED390807E06 /* Poppins-MediumItalic.otf in Resources */,
				5EF9651ECF2B4AC189FBB345 /* Poppins-Regular.otf in Resources */,
				8119F01044FD44B9873FECB6 /* Poppins-SemiBold.otf in Resources */,
				D591ACEA12E343129C5B75C8 /* Poppins-SemiBoldItalic.otf in Resources */,
				D95BA6461331470ABBBDBB40 /* Poppins-Thin.otf in Resources */,
				E64960387CCA4E2686639AFF /* Poppins-ThinItalic.otf in Resources */,
				82F8425ED3D7453CB8175099 /* AvertaStd-Regular.otf in Resources */,
				9D114A1B88FB4ED685314C87 /* AvertaStd-Semibold.otf in Resources */,
				E2E3107CA18947F1B3EFB761 /* AvertaStd-ThinItalic.otf in Resources */,
				04B03F8DC2FF4EFF8B006DA5 /* AvertaStd-Black.otf in Resources */,
				86B858C1265D489A8AA3650F /* AvertaStd-BlackItalic.otf in Resources */,
				0A4F55716AC14EBDA678ECE6 /* AvertaStd-Bold.otf in Resources */,
				290480FEB6B64BF9BF675315 /* AvertaStd-BoldItalic.otf in Resources */,
				DC8278B43355491BBD1F5889 /* AvertaStd-ExtraBold.otf in Resources */,
				35DB5C0087134E18AF2C6F6A /* AvertaStd-ExtraBoldItalic.otf in Resources */,
				F98C157B97174EEB98608040 /* AvertaStd-Extrathin.otf in Resources */,
				413930B5F83E4FE98A939B31 /* AvertaStd-ExtrathinItalic.otf in Resources */,
				1A1A633C0E1047C78D146088 /* AvertaStd-Light.otf in Resources */,
				CFE689BA53FA448AA61CD8B7 /* AvertaStd-LightItalic.otf in Resources */,
				06A92415CFA34F7BAACF1EBC /* AvertaStd-RegularItalic.otf in Resources */,
				7D3C54F2612D444EA4933D32 /* AvertaStd-SemiboldItalic.otf in Resources */,
				ADA0AE57BF13493E9A1327BB /* AvertaStd-Thin.otf in Resources */,
			);
			runOnlyForDeploymentPostprocessing = 0;
		};
/* End PBXResourcesBuildPhase section */

/* Begin PBXShellScriptBuildPhase section */
		00DD1BFF1BD5951E006B06BC /* Bundle React Native code and images */ = {
			isa = PBXShellScriptBuildPhase;
			buildActionMask = 2147483647;
			files = (
			);
			inputPaths = (
				"$(SRCROOT)/.xcode.env.local",
				"$(SRCROOT)/.xcode.env",
			);
			name = "Bundle React Native code and images";
			outputPaths = (
			);
			runOnlyForDeploymentPostprocessing = 0;
			shellPath = /bin/sh;
			shellScript = "set -e\n\nWITH_ENVIRONMENT=\"../node_modules/react-native/scripts/xcode/with-environment.sh\"\nREACT_NATIVE_XCODE=\"../node_modules/react-native/scripts/react-native-xcode.sh\"\n\n/bin/sh -c \"$WITH_ENVIRONMENT $REACT_NATIVE_XCODE\"\n";
		};
		00EEFC60759A1932668264C0 /* [CP] Embed Pods Frameworks */ = {
			isa = PBXShellScriptBuildPhase;
			buildActionMask = 2147483647;
			files = (
			);
			inputFileListPaths = (
				"${PODS_ROOT}/Target Support Files/Pods-VOVMedia/Pods-VOVMedia-frameworks-${CONFIGURATION}-input-files.xcfilelist",
			);
			name = "[CP] Embed Pods Frameworks";
			outputFileListPaths = (
				"${PODS_ROOT}/Target Support Files/Pods-VOVMedia/Pods-VOVMedia-frameworks-${CONFIGURATION}-output-files.xcfilelist",
			);
			runOnlyForDeploymentPostprocessing = 0;
			shellPath = /bin/sh;
			shellScript = "\"${PODS_ROOT}/Target Support Files/Pods-VOVMedia/Pods-VOVMedia-frameworks.sh\"\n";
			showEnvVarsInLog = 0;
		};
		A55EABD7B0C7F3A422A6CC61 /* [CP] Check Pods Manifest.lock */ = {
			isa = PBXShellScriptBuildPhase;
			buildActionMask = 2147483647;
			files = (
			);
			inputFileListPaths = (
			);
			inputPaths = (
				"${PODS_PODFILE_DIR_PATH}/Podfile.lock",
				"${PODS_ROOT}/Manifest.lock",
			);
			name = "[CP] Check Pods Manifest.lock";
			outputFileListPaths = (
			);
			outputPaths = (
				"$(DERIVED_FILE_DIR)/Pods-VOVMedia-VOVMediaTests-checkManifestLockResult.txt",
			);
			runOnlyForDeploymentPostprocessing = 0;
			shellPath = /bin/sh;
			shellScript = "diff \"${PODS_PODFILE_DIR_PATH}/Podfile.lock\" \"${PODS_ROOT}/Manifest.lock\" > /dev/null\nif [ $? != 0 ] ; then\n    # print error to STDERR\n    echo \"error: The sandbox is not in sync with the Podfile.lock. Run 'pod install' or update your CocoaPods installation.\" >&2\n    exit 1\nfi\n# This output is used by Xcode 'outputs' to avoid re-running this script phase.\necho \"SUCCESS\" > \"${SCRIPT_OUTPUT_FILE_0}\"\n";
			showEnvVarsInLog = 0;
		};
		C38B50BA6285516D6DCD4F65 /* [CP] Check Pods Manifest.lock */ = {
			isa = PBXShellScriptBuildPhase;
			buildActionMask = 2147483647;
			files = (
			);
			inputFileListPaths = (
			);
			inputPaths = (
				"${PODS_PODFILE_DIR_PATH}/Podfile.lock",
				"${PODS_ROOT}/Manifest.lock",
			);
			name = "[CP] Check Pods Manifest.lock";
			outputFileListPaths = (
			);
			outputPaths = (
				"$(DERIVED_FILE_DIR)/Pods-VOVMedia-checkManifestLockResult.txt",
			);
			runOnlyForDeploymentPostprocessing = 0;
			shellPath = /bin/sh;
			shellScript = "diff \"${PODS_PODFILE_DIR_PATH}/Podfile.lock\" \"${PODS_ROOT}/Manifest.lock\" > /dev/null\nif [ $? != 0 ] ; then\n    # print error to STDERR\n    echo \"error: The sandbox is not in sync with the Podfile.lock. Run 'pod install' or update your CocoaPods installation.\" >&2\n    exit 1\nfi\n# This output is used by Xcode 'outputs' to avoid re-running this script phase.\necho \"SUCCESS\" > \"${SCRIPT_OUTPUT_FILE_0}\"\n";
			showEnvVarsInLog = 0;
		};
		C59DA0FBD6956966B86A3779 /* [CP] Embed Pods Frameworks */ = {
			isa = PBXShellScriptBuildPhase;
			buildActionMask = 2147483647;
			files = (
			);
			inputFileListPaths = (
				"${PODS_ROOT}/Target Support Files/Pods-VOVMedia-VOVMediaTests/Pods-VOVMedia-VOVMediaTests-frameworks-${CONFIGURATION}-input-files.xcfilelist",
			);
			name = "[CP] Embed Pods Frameworks";
			outputFileListPaths = (
				"${PODS_ROOT}/Target Support Files/Pods-VOVMedia-VOVMediaTests/Pods-VOVMedia-VOVMediaTests-frameworks-${CONFIGURATION}-output-files.xcfilelist",
			);
			runOnlyForDeploymentPostprocessing = 0;
			shellPath = /bin/sh;
			shellScript = "\"${PODS_ROOT}/Target Support Files/Pods-VOVMedia-VOVMediaTests/Pods-VOVMedia-VOVMediaTests-frameworks.sh\"\n";
			showEnvVarsInLog = 0;
		};
		E235C05ADACE081382539298 /* [CP] Copy Pods Resources */ = {
			isa = PBXShellScriptBuildPhase;
			buildActionMask = 2147483647;
			files = (
			);
			inputFileListPaths = (
				"${PODS_ROOT}/Target Support Files/Pods-VOVMedia/Pods-VOVMedia-resources-${CONFIGURATION}-input-files.xcfilelist",
			);
			name = "[CP] Copy Pods Resources";
			outputFileListPaths = (
				"${PODS_ROOT}/Target Support Files/Pods-VOVMedia/Pods-VOVMedia-resources-${CONFIGURATION}-output-files.xcfilelist",
			);
			runOnlyForDeploymentPostprocessing = 0;
			shellPath = /bin/sh;
			shellScript = "\"${PODS_ROOT}/Target Support Files/Pods-VOVMedia/Pods-VOVMedia-resources.sh\"\n";
			showEnvVarsInLog = 0;
		};
		F6A41C54EA430FDDC6A6ED99 /* [CP] Copy Pods Resources */ = {
			isa = PBXShellScriptBuildPhase;
			buildActionMask = 2147483647;
			files = (
			);
			inputFileListPaths = (
				"${PODS_ROOT}/Target Support Files/Pods-VOVMedia-VOVMediaTests/Pods-VOVMedia-VOVMediaTests-resources-${CONFIGURATION}-input-files.xcfilelist",
			);
			name = "[CP] Copy Pods Resources";
			outputFileListPaths = (
				"${PODS_ROOT}/Target Support Files/Pods-VOVMedia-VOVMediaTests/Pods-VOVMedia-VOVMediaTests-resources-${CONFIGURATION}-output-files.xcfilelist",
			);
			runOnlyForDeploymentPostprocessing = 0;
			shellPath = /bin/sh;
			shellScript = "\"${PODS_ROOT}/Target Support Files/Pods-VOVMedia-VOVMediaTests/Pods-VOVMedia-VOVMediaTests-resources.sh\"\n";
			showEnvVarsInLog = 0;
		};
		FD10A7F022414F080027D42C /* Start Packager */ = {
			isa = PBXShellScriptBuildPhase;
			buildActionMask = 2147483647;
			files = (
			);
			inputFileListPaths = (
			);
			inputPaths = (
			);
			name = "Start Packager";
			outputFileListPaths = (
			);
			outputPaths = (
			);
			runOnlyForDeploymentPostprocessing = 0;
			shellPath = /bin/sh;
			shellScript = "export RCT_METRO_PORT=\"${RCT_METRO_PORT:=8081}\"\necho \"export RCT_METRO_PORT=${RCT_METRO_PORT}\" > \"${SRCROOT}/../node_modules/react-native/scripts/.packager.env\"\nif [ -z \"${RCT_NO_LAUNCH_PACKAGER+xxx}\" ] ; then\n  if nc -w 5 -z localhost ${RCT_METRO_PORT} ; then\n    if ! curl -s \"http://localhost:${RCT_METRO_PORT}/status\" | grep -q \"packager-status:running\" ; then\n      echo \"Port ${RCT_METRO_PORT} already in use, packager is either not running or not running correctly\"\n      exit 2\n    fi\n  else\n    open \"$SRCROOT/../node_modules/react-native/scripts/launchPackager.command\" || echo \"Can't start packager automatically\"\n  fi\nfi\n";
			showEnvVarsInLog = 0;
		};
/* End PBXShellScriptBuildPhase section */

/* Begin PBXSourcesBuildPhase section */
		00E356EA1AD99517003FC87E /* Sources */ = {
			isa = PBXSourcesBuildPhase;
			buildActionMask = 2147483647;
			files = (
				00E356F31AD99517003FC87E /* VOVMediaTests.m in Sources */,
			);
			runOnlyForDeploymentPostprocessing = 0;
		};
		13B07F871A680F5B00A75B9A /* Sources */ = {
			isa = PBXSourcesBuildPhase;
			buildActionMask = 2147483647;
			files = (
				13B07FBC1A68108700A75B9A /* AppDelegate.mm in Sources */,
				13B07FC11A68108700A75B9A /* main.m in Sources */,
			);
			runOnlyForDeploymentPostprocessing = 0;
		};
/* End PBXSourcesBuildPhase section */

/* Begin PBXTargetDependency section */
		00E356F51AD99517003FC87E /* PBXTargetDependency */ = {
			isa = PBXTargetDependency;
			target = 13B07F861A680F5B00A75B9A /* VOVMedia */;
			targetProxy = 00E356F41AD99517003FC87E /* PBXContainerItemProxy */;
		};
/* End PBXTargetDependency section */

/* Begin XCBuildConfiguration section */
		00E356F61AD99517003FC87E /* Debug */ = {
			isa = XCBuildConfiguration;
			baseConfigurationReference = 5B7EB9410499542E8C5724F5 /* Pods-VOVMedia-VOVMediaTests.debug.xcconfig */;
			buildSettings = {
				BUNDLE_LOADER = "$(TEST_HOST)";
				GCC_PREPROCESSOR_DEFINITIONS = (
					"DEBUG=1",
					"$(inherited)",
				);
				INFOPLIST_FILE = VOVMediaTests/Info.plist;
				IPHONEOS_DEPLOYMENT_TARGET = 12.4;
				LD_RUNPATH_SEARCH_PATHS = (
					"$(inherited)",
					"@executable_path/Frameworks",
					"@loader_path/Frameworks",
				);
				OTHER_LDFLAGS = (
					"-ObjC",
					"-lc++",
					"$(inherited)",
				);
				PRODUCT_BUNDLE_IDENTIFIER = "org.reactjs.native.example.$(PRODUCT_NAME:rfc1034identifier)";
				PRODUCT_NAME = "$(TARGET_NAME)";
				TEST_HOST = "$(BUILT_PRODUCTS_DIR)/VOVMedia.app/VOVMedia";
			};
			name = Debug;
		};
		00E356F71AD99517003FC87E /* Release */ = {
			isa = XCBuildConfiguration;
			baseConfigurationReference = 89C6BE57DB24E9ADA2F236DE /* Pods-VOVMedia-VOVMediaTests.release.xcconfig */;
			buildSettings = {
				BUNDLE_LOADER = "$(TEST_HOST)";
				COPY_PHASE_STRIP = NO;
				INFOPLIST_FILE = VOVMediaTests/Info.plist;
				IPHONEOS_DEPLOYMENT_TARGET = 12.4;
				LD_RUNPATH_SEARCH_PATHS = (
					"$(inherited)",
					"@executable_path/Frameworks",
					"@loader_path/Frameworks",
				);
				OTHER_LDFLAGS = (
					"-ObjC",
					"-lc++",
					"$(inherited)",
				);
				PRODUCT_BUNDLE_IDENTIFIER = "org.reactjs.native.example.$(PRODUCT_NAME:rfc1034identifier)";
				PRODUCT_NAME = "$(TARGET_NAME)";
				TEST_HOST = "$(BUILT_PRODUCTS_DIR)/VOVMedia.app/VOVMedia";
			};
			name = Release;
		};
		13B07F941A680F5B00A75B9A /* Debug */ = {
			isa = XCBuildConfiguration;
			baseConfigurationReference = 3B4392A12AC88292D35C810B /* Pods-VOVMedia.debug.xcconfig */;
			buildSettings = {
				ASSETCATALOG_COMPILER_APPICON_NAME = AppIcon;
				CLANG_ENABLE_MODULES = YES;
				CURRENT_PROJECT_VERSION = 1;
				DEVELOPMENT_TEAM = AXJC6ST4XC;
				ENABLE_BITCODE = NO;
				INFOPLIST_FILE = VOVMedia/Info.plist;
				LD_RUNPATH_SEARCH_PATHS = (
					"$(inherited)",
					"@executable_path/Frameworks",
				);
				OTHER_LDFLAGS = (
					"$(inherited)",
					"-ObjC",
					"-lc++",
				);
				PRODUCT_BUNDLE_IDENTIFIER = "org.reactjs.native.example.$(PRODUCT_NAME:rfc1034identifier)";
				PRODUCT_NAME = VOVMedia;
				SWIFT_OPTIMIZATION_LEVEL = "-Onone";
				SWIFT_VERSION = 5.0;
				VERSIONING_SYSTEM = "apple-generic";
			};
			name = Debug;
		};
		13B07F951A680F5B00A75B9A /* Release */ = {
			isa = XCBuildConfiguration;
			baseConfigurationReference = 5709B34CF0A7D63546082F79 /* Pods-VOVMedia.release.xcconfig */;
			buildSettings = {
				ASSETCATALOG_COMPILER_APPICON_NAME = AppIcon;
				CLANG_ENABLE_MODULES = YES;
				CURRENT_PROJECT_VERSION = 1;
				DEVELOPMENT_TEAM = AXJC6ST4XC;
				INFOPLIST_FILE = VOVMedia/Info.plist;
				LD_RUNPATH_SEARCH_PATHS = (
					"$(inherited)",
					"@executable_path/Frameworks",
				);
				OTHER_LDFLAGS = (
					"$(inherited)",
					"-ObjC",
					"-lc++",
				);
				PRODUCT_BUNDLE_IDENTIFIER = "org.reactjs.native.example.$(PRODUCT_NAME:rfc1034identifier)";
				PRODUCT_NAME = VOVMedia;
				SWIFT_VERSION = 5.0;
				VERSIONING_SYSTEM = "apple-generic";
			};
			name = Release;
		};
		83CBBA201A601CBA00E9B192 /* Debug */ = {
			isa = XCBuildConfiguration;
			buildSettings = {
				ALWAYS_SEARCH_USER_PATHS = NO;
				CLANG_ANALYZER_LOCALIZABILITY_NONLOCALIZED = YES;
				CLANG_CXX_LANGUAGE_STANDARD = "c++17";
				CLANG_CXX_LIBRARY = "libc++";
				CLANG_ENABLE_MODULES = YES;
				CLANG_ENABLE_OBJC_ARC = YES;
				CLANG_WARN_BLOCK_CAPTURE_AUTORELEASING = YES;
				CLANG_WARN_BOOL_CONVERSION = YES;
				CLANG_WARN_COMMA = YES;
				CLANG_WARN_CONSTANT_CONVERSION = YES;
				CLANG_WARN_DEPRECATED_OBJC_IMPLEMENTATIONS = YES;
				CLANG_WARN_DIRECT_OBJC_ISA_USAGE = YES_ERROR;
				CLANG_WARN_EMPTY_BODY = YES;
				CLANG_WARN_ENUM_CONVERSION = YES;
				CLANG_WARN_INFINITE_RECURSION = YES;
				CLANG_WARN_INT_CONVERSION = YES;
				CLANG_WARN_NON_LITERAL_NULL_CONVERSION = YES;
				CLANG_WARN_OBJC_IMPLICIT_RETAIN_SELF = YES;
				CLANG_WARN_OBJC_LITERAL_CONVERSION = YES;
				CLANG_WARN_OBJC_ROOT_CLASS = YES_ERROR;
				CLANG_WARN_QUOTED_INCLUDE_IN_FRAMEWORK_HEADER = YES;
				CLANG_WARN_RANGE_LOOP_ANALYSIS = YES;
				CLANG_WARN_STRICT_PROTOTYPES = YES;
				CLANG_WARN_SUSPICIOUS_MOVE = YES;
				CLANG_WARN_UNREACHABLE_CODE = YES;
				CLANG_WARN__DUPLICATE_METHOD_MATCH = YES;
				"CODE_SIGN_IDENTITY[sdk=iphoneos*]" = "iPhone Developer";
				COPY_PHASE_STRIP = NO;
				ENABLE_STRICT_OBJC_MSGSEND = YES;
				ENABLE_TESTABILITY = YES;
				"EXCLUDED_ARCHS[sdk=iphonesimulator*]" = "";
				GCC_C_LANGUAGE_STANDARD = gnu99;
				GCC_DYNAMIC_NO_PIC = NO;
				GCC_NO_COMMON_BLOCKS = YES;
				GCC_OPTIMIZATION_LEVEL = 0;
				GCC_PREPROCESSOR_DEFINITIONS = (
					"DEBUG=1",
					"$(inherited)",
				);
				GCC_SYMBOLS_PRIVATE_EXTERN = NO;
				GCC_WARN_64_TO_32_BIT_CONVERSION = YES;
				GCC_WARN_ABOUT_RETURN_TYPE = YES_ERROR;
				GCC_WARN_UNDECLARED_SELECTOR = YES;
				GCC_WARN_UNINITIALIZED_AUTOS = YES_AGGRESSIVE;
				GCC_WARN_UNUSED_FUNCTION = YES;
				GCC_WARN_UNUSED_VARIABLE = YES;
				IPHONEOS_DEPLOYMENT_TARGET = 12.4;
				LD_RUNPATH_SEARCH_PATHS = (
					/usr/lib/swift,
					"$(inherited)",
				);
				LIBRARY_SEARCH_PATHS = (
					"\"$(SDKROOT)/usr/lib/swift\"",
					"\"$(TOOLCHAIN_DIR)/usr/lib/swift/$(PLATFORM_NAME)\"",
					"\"$(inherited)\"",
				);
				MTL_ENABLE_DEBUG_INFO = YES;
				ONLY_ACTIVE_ARCH = YES;
				OTHER_CPLUSPLUSFLAGS = (
					"$(OTHER_CFLAGS)",
					"-DFOLLY_NO_CONFIG",
					"-DFOLLY_MOBILE=1",
					"-DFOLLY_USE_LIBCPP=1",
				);
				REACT_NATIVE_PATH = "${PODS_ROOT}/../../node_modules/react-native";
				SDKROOT = iphoneos;
			};
			name = Debug;
		};
		83CBBA211A601CBA00E9B192 /* Release */ = {
			isa = XCBuildConfiguration;
			buildSettings = {
				ALWAYS_SEARCH_USER_PATHS = NO;
				CLANG_ANALYZER_LOCALIZABILITY_NONLOCALIZED = YES;
				CLANG_CXX_LANGUAGE_STANDARD = "c++17";
				CLANG_CXX_LIBRARY = "libc++";
				CLANG_ENABLE_MODULES = YES;
				CLANG_ENABLE_OBJC_ARC = YES;
				CLANG_WARN_BLOCK_CAPTURE_AUTORELEASING = YES;
				CLANG_WARN_BOOL_CONVERSION = YES;
				CLANG_WARN_COMMA = YES;
				CLANG_WARN_CONSTANT_CONVERSION = YES;
				CLANG_WARN_DEPRECATED_OBJC_IMPLEMENTATIONS = YES;
				CLANG_WARN_DIRECT_OBJC_ISA_USAGE = YES_ERROR;
				CLANG_WARN_EMPTY_BODY = YES;
				CLANG_WARN_ENUM_CONVERSION = YES;
				CLANG_WARN_INFINITE_RECURSION = YES;
				CLANG_WARN_INT_CONVERSION = YES;
				CLANG_WARN_NON_LITERAL_NULL_CONVERSION = YES;
				CLANG_WARN_OBJC_IMPLICIT_RETAIN_SELF = YES;
				CLANG_WARN_OBJC_LITERAL_CONVERSION = YES;
				CLANG_WARN_OBJC_ROOT_CLASS = YES_ERROR;
				CLANG_WARN_QUOTED_INCLUDE_IN_FRAMEWORK_HEADER = YES;
				CLANG_WARN_RANGE_LOOP_ANALYSIS = YES;
				CLANG_WARN_STRICT_PROTOTYPES = YES;
				CLANG_WARN_SUSPICIOUS_MOVE = YES;
				CLANG_WARN_UNREACHABLE_CODE = YES;
				CLANG_WARN__DUPLICATE_METHOD_MATCH = YES;
				"CODE_SIGN_IDENTITY[sdk=iphoneos*]" = "iPhone Developer";
				COPY_PHASE_STRIP = YES;
				ENABLE_NS_ASSERTIONS = NO;
				ENABLE_STRICT_OBJC_MSGSEND = YES;
				"EXCLUDED_ARCHS[sdk=iphonesimulator*]" = "";
				GCC_C_LANGUAGE_STANDARD = gnu99;
				GCC_NO_COMMON_BLOCKS = YES;
				GCC_WARN_64_TO_32_BIT_CONVERSION = YES;
				GCC_WARN_ABOUT_RETURN_TYPE = YES_ERROR;
				GCC_WARN_UNDECLARED_SELECTOR = YES;
				GCC_WARN_UNINITIALIZED_AUTOS = YES_AGGRESSIVE;
				GCC_WARN_UNUSED_FUNCTION = YES;
				GCC_WARN_UNUSED_VARIABLE = YES;
				IPHONEOS_DEPLOYMENT_TARGET = 12.4;
				LD_RUNPATH_SEARCH_PATHS = (
					/usr/lib/swift,
					"$(inherited)",
				);
				LIBRARY_SEARCH_PATHS = (
					"\"$(SDKROOT)/usr/lib/swift\"",
					"\"$(TOOLCHAIN_DIR)/usr/lib/swift/$(PLATFORM_NAME)\"",
					"\"$(inherited)\"",
				);
				MTL_ENABLE_DEBUG_INFO = NO;
				OTHER_CPLUSPLUSFLAGS = (
					"$(OTHER_CFLAGS)",
					"-DFOLLY_NO_CONFIG",
					"-DFOLLY_MOBILE=1",
					"-DFOLLY_USE_LIBCPP=1",
				);
				REACT_NATIVE_PATH = "${PODS_ROOT}/../../node_modules/react-native";
				SDKROOT = iphoneos;
				VALIDATE_PRODUCT = YES;
			};
			name = Release;
		};
/* End XCBuildConfiguration section */

/* Begin XCConfigurationList section */
		00E357021AD99517003FC87E /* Build configuration list for PBXNativeTarget "VOVMediaTests" */ = {
			isa = XCConfigurationList;
			buildConfigurations = (
				00E356F61AD99517003FC87E /* Debug */,
				00E356F71AD99517003FC87E /* Release */,
			);
			defaultConfigurationIsVisible = 0;
			defaultConfigurationName = Release;
		};
		13B07F931A680F5B00A75B9A /* Build configuration list for PBXNativeTarget "VOVMedia" */ = {
			isa = XCConfigurationList;
			buildConfigurations = (
				13B07F941A680F5B00A75B9A /* Debug */,
				13B07F951A680F5B00A75B9A /* Release */,
			);
			defaultConfigurationIsVisible = 0;
			defaultConfigurationName = Release;
		};
		83CBB9FA1A601CBA00E9B192 /* Build configuration list for PBXProject "VOVMedia" */ = {
			isa = XCConfigurationList;
			buildConfigurations = (
				83CBBA201A601CBA00E9B192 /* Debug */,
				83CBBA211A601CBA00E9B192 /* Release */,
			);
			defaultConfigurationIsVisible = 0;
			defaultConfigurationName = Release;
		};
/* End XCConfigurationList section */
	};
	rootObject = 83CBB9F71A601CBA00E9B192 /* Project object */;
}
